
Microsoft Visual Studio Solution File, Format Version 12.00
# Visual Studio Version 17
VisualStudioVersion = 17.4.33213.308
MinimumVisualStudioVersion = 10.0.40219.1
Project("{FAE04EC0-301F-11D3-BF4B-00C04F79EFBC}") = "shoppingList", "shoppingList\shoppingList.csproj", "{2A3BB690-D828-4768-97D1-CB6D69EF15CF}"
EndProject
Global
	GlobalSection(SolutionConfigurationPlatforms) = preSolution
		Debug|Any CPU = Debug|Any CPU
		Release|Any CPU = Release|Any CPU
	EndGlobalSection
	GlobalSection(ProjectConfigurationPlatforms) = postSolution
		{2A3BB690-D828-4768-97D1-CB6D69EF15CF}.Debug|Any CPU.ActiveCfg = Debug|Any CPU
		{2A3BB690-D828-4768-97D1-CB6D69EF15CF}.Debug|Any CPU.Build.0 = Debug|Any CPU
		{2A3BB690-D828-4768-97D1-CB6D69EF15CF}.Release|Any CPU.ActiveCfg = Release|Any CPU
		{2A3BB690-D828-4768-97D1-CB6D69EF15CF}.Release|Any CPU.Build.0 = Release|Any CPU
	EndGlobalSection
	GlobalSection(SolutionProperties) = preSolution
		HideSolutionNode = FALSE
	EndGlobalSection
	GlobalSection(ExtensibilityGlobals) = postSolution
		SolutionGuid = {09998657-0594-44C9-9E4B-37613C475000}
	EndGlobalSection
EndGlobal
