
Microsoft Visual Studio Solution File, Format Version 12.00
# Visual Studio Version 17
VisualStudioVersion = 17.4.33213.308
MinimumVisualStudioVersion = 10.0.40219.1
Project("{FAE04EC0-301F-11D3-BF4B-00C04F79EFBC}") = "reverseGuessingGame", "reverseGuessingGame\reverseGuessingGame.csproj", "{BC31AFA9-AD33-438D-B863-DA2D6A97E32C}"
EndProject
Global
	GlobalSection(SolutionConfigurationPlatforms) = preSolution
		Debug|Any CPU = Debug|Any CPU
		Release|Any CPU = Release|Any CPU
	EndGlobalSection
	GlobalSection(ProjectConfigurationPlatforms) = postSolution
		{BC31AFA9-AD33-438D-B863-DA2D6A97E32C}.Debug|Any CPU.ActiveCfg = Debug|Any CPU
		{BC31AFA9-AD33-438D-B863-DA2D6A97E32C}.Debug|Any CPU.Build.0 = Debug|Any CPU
		{BC31AFA9-AD33-438D-B863-DA2D6A97E32C}.Release|Any CPU.ActiveCfg = Release|Any CPU
		{BC31AFA9-AD33-438D-B863-DA2D6A97E32C}.Release|Any CPU.Build.0 = Release|Any CPU
	EndGlobalSection
	GlobalSection(SolutionProperties) = preSolution
		HideSolutionNode = FALSE
	EndGlobalSection
	GlobalSection(ExtensibilityGlobals) = postSolution
		SolutionGuid = {EFF6A9D4-BA26-4CB6-AF68-023119000B4F}
	EndGlobalSection
EndGlobal
