
Microsoft Visual Studio Solution File, Format Version 12.00
# Visual Studio Version 17
VisualStudioVersion = 17.2.32630.192
MinimumVisualStudioVersion = 10.0.40219.1
Project("{FAE04EC0-301F-11D3-BF4B-00C04F79EFBC}") = "MadLibs", "\\GMRDC1\Folder Redirection\Daniel.Makhmud\Documents\Visual Studio 2022\Project\MadLibs\MadLibs\MadLibs.csproj", "{DED9B09F-8941-4E5E-B93B-4963FF5A230B}"
EndProject
Global
	GlobalSection(SolutionConfigurationPlatforms) = preSolution
		Debug|Any CPU = Debug|Any CPU
		Release|Any CPU = Release|Any CPU
	EndGlobalSection
	GlobalSection(ProjectConfigurationPlatforms) = postSolution
		{DED9B09F-8941-4E5E-B93B-4963FF5A230B}.Debug|Any CPU.ActiveCfg = Debug|Any CPU
		{DED9B09F-8941-4E5E-B93B-4963FF5A230B}.Debug|Any CPU.Build.0 = Debug|Any CPU
		{DED9B09F-8941-4E5E-B93B-4963FF5A230B}.Release|Any CPU.ActiveCfg = Release|Any CPU
		{DED9B09F-8941-4E5E-B93B-4963FF5A230B}.Release|Any CPU.Build.0 = Release|Any CPU
	EndGlobalSection
	GlobalSection(SolutionProperties) = preSolution
		HideSolutionNode = FALSE
	EndGlobalSection
	GlobalSection(ExtensibilityGlobals) = postSolution
		SolutionGuid = {5942817A-2D6D-4260-BF6C-AC0BAEF5A596}
	EndGlobalSection
EndGlobal
