
Microsoft Visual Studio Solution File, Format Version 12.00
# Visual Studio Version 17
VisualStudioVersion = 17.6.33815.320
MinimumVisualStudioVersion = 10.0.40219.1
Project("{FAE04EC0-301F-11D3-BF4B-00C04F79EFBC}") = "Bank2", "Bank2\Bank2.csproj", "{B98D30C8-2D51-4F41-AA86-13EB89C5D7A4}"
EndProject
Global
	GlobalSection(SolutionConfigurationPlatforms) = preSolution
		Debug|Any CPU = Debug|Any CPU
		Release|Any CPU = Release|Any CPU
	EndGlobalSection
	GlobalSection(ProjectConfigurationPlatforms) = postSolution
		{B98D30C8-2D51-4F41-AA86-13EB89C5D7A4}.Debug|Any CPU.ActiveCfg = Debug|Any CPU
		{B98D30C8-2D51-4F41-AA86-13EB89C5D7A4}.Debug|Any CPU.Build.0 = Debug|Any CPU
		{B98D30C8-2D51-4F41-AA86-13EB89C5D7A4}.Release|Any CPU.ActiveCfg = Release|Any CPU
		{B98D30C8-2D51-4F41-AA86-13EB89C5D7A4}.Release|Any CPU.Build.0 = Release|Any CPU
	EndGlobalSection
	GlobalSection(SolutionProperties) = preSolution
		HideSolutionNode = FALSE
	EndGlobalSection
	GlobalSection(ExtensibilityGlobals) = postSolution
		SolutionGuid = {97BBC432-4BC2-4C71-B0F1-A11418A4B11F}
	EndGlobalSection
EndGlobal
