
Microsoft Visual Studio Solution File, Format Version 12.00
# Visual Studio Version 17
VisualStudioVersion = 17.6.33815.320
MinimumVisualStudioVersion = 10.0.40219.1
Project("{FAE04EC0-301F-11D3-BF4B-00C04F79EFBC}") = "PokemonBattle", "PokemonBattle\PokemonBattle.csproj", "{D2362667-0E97-453E-BCE1-DE050B10EDBF}"
EndProject
Global
	GlobalSection(SolutionConfigurationPlatforms) = preSolution
		Debug|Any CPU = Debug|Any CPU
		Release|Any CPU = Release|Any CPU
	EndGlobalSection
	GlobalSection(ProjectConfigurationPlatforms) = postSolution
		{D2362667-0E97-453E-BCE1-DE050B10EDBF}.Debug|Any CPU.ActiveCfg = Debug|Any CPU
		{D2362667-0E97-453E-BCE1-DE050B10EDBF}.Debug|Any CPU.Build.0 = Debug|Any CPU
		{D2362667-0E97-453E-BCE1-DE050B10EDBF}.Release|Any CPU.ActiveCfg = Release|Any CPU
		{D2362667-0E97-453E-BCE1-DE050B10EDBF}.Release|Any CPU.Build.0 = Release|Any CPU
	EndGlobalSection
	GlobalSection(SolutionProperties) = preSolution
		HideSolutionNode = FALSE
	EndGlobalSection
	GlobalSection(ExtensibilityGlobals) = postSolution
		SolutionGuid = {D729E8AA-D1B5-4492-ABE4-76F8585F9131}
	EndGlobalSection
EndGlobal
